
Microsoft Visual Studio Solution File, Format Version 12.00
# Visual Studio 15
VisualStudioVersion = 15.0.28307.271
MinimumVisualStudioVersion = 10.0.40219.1
Project("{FAE04EC0-301F-11D3-BF4B-00C04F79EFBC}") = "EntityFrameWork1", "EntityFrameWork1\EntityFrameWork1.csproj", "{154B1AB8-1809-4928-BCA1-78CC2169E2E1}"
EndProject
Global
	GlobalSection(SolutionConfigurationPlatforms) = preSolution
		Debug|Any CPU = Debug|Any CPU
		Release|Any CPU = Release|Any CPU
	EndGlobalSection
	GlobalSection(ProjectConfigurationPlatforms) = postSolution
		{154B1AB8-1809-4928-BCA1-78CC2169E2E1}.Debug|Any CPU.ActiveCfg = Debug|Any CPU
		{154B1AB8-1809-4928-BCA1-78CC2169E2E1}.Debug|Any CPU.Build.0 = Debug|Any CPU
		{154B1AB8-1809-4928-BCA1-78CC2169E2E1}.Release|Any CPU.ActiveCfg = Release|Any CPU
		{154B1AB8-1809-4928-BCA1-78CC2169E2E1}.Release|Any CPU.Build.0 = Release|Any CPU
	EndGlobalSection
	GlobalSection(SolutionProperties) = preSolution
		HideSolutionNode = FALSE
	EndGlobalSection
	GlobalSection(ExtensibilityGlobals) = postSolution
		SolutionGuid = {19C24460-4793-4B0C-976F-DD49AF6152FE}
	EndGlobalSection
EndGlobal
